
Microsoft Visual Studio Solution File, Format Version 12.00
# Visual Studio Version 17
VisualStudioVersion = 17.13.35806.99 d17.13
MinimumVisualStudioVersion = 10.0.40219.1
Project("{FAE04EC0-301F-11D3-BF4B-00C04F79EFBC}") = "laba 31", "laba 31\laba 31.csproj", "{361EA543-C3E4-4B20-A1E5-D956F29D285E}"
EndProject
Global
	GlobalSection(SolutionConfigurationPlatforms) = preSolution
		Debug|Any CPU = Debug|Any CPU
		Release|Any CPU = Release|Any CPU
	EndGlobalSection
	GlobalSection(ProjectConfigurationPlatforms) = postSolution
		{361EA543-C3E4-4B20-A1E5-D956F29D285E}.Debug|Any CPU.ActiveCfg = Debug|Any CPU
		{361EA543-C3E4-4B20-A1E5-D956F29D285E}.Debug|Any CPU.Build.0 = Debug|Any CPU
		{361EA543-C3E4-4B20-A1E5-D956F29D285E}.Release|Any CPU.ActiveCfg = Release|Any CPU
		{361EA543-C3E4-4B20-A1E5-D956F29D285E}.Release|Any CPU.Build.0 = Release|Any CPU
	EndGlobalSection
	GlobalSection(SolutionProperties) = preSolution
		HideSolutionNode = FALSE
	EndGlobalSection
	GlobalSection(ExtensibilityGlobals) = postSolution
		SolutionGuid = {24782BA9-930B-4E97-806A-6887FA3D5F0E}
	EndGlobalSection
EndGlobal
